
Microsoft Visual Studio Solution File, Format Version 12.00
# Visual Studio 15
VisualStudioVersion = 15.0.27703.2047
MinimumVisualStudioVersion = 10.0.40219.1
Project("{A07B5EB6-E848-4116-A8D0-A826331D98C6}") = "ADC", "ADC\ADC.sfproj", "{BE51785F-A430-4B39-8F2A-F15028FC7717}"
EndProject
Project("{FAE04EC0-301F-11D3-BF4B-00C04F79EFBC}") = "ADC.API.Stateless", "ADC.API.Stateless\ADC.API.Stateless.csproj", "{2572C110-7D00-41A1-AB46-1A6D8E8DB51B}"
EndProject
Global
	GlobalSection(SolutionConfigurationPlatforms) = preSolution
		Debug|Any CPU = Debug|Any CPU
		Debug|x64 = Debug|x64
		Release|Any CPU = Release|Any CPU
		Release|x64 = Release|x64
	EndGlobalSection
	GlobalSection(ProjectConfigurationPlatforms) = postSolution
		{BE51785F-A430-4B39-8F2A-F15028FC7717}.Debug|Any CPU.ActiveCfg = Debug|x64
		{BE51785F-A430-4B39-8F2A-F15028FC7717}.Debug|x64.ActiveCfg = Debug|x64
		{BE51785F-A430-4B39-8F2A-F15028FC7717}.Debug|x64.Build.0 = Debug|x64
		{BE51785F-A430-4B39-8F2A-F15028FC7717}.Debug|x64.Deploy.0 = Debug|x64
		{BE51785F-A430-4B39-8F2A-F15028FC7717}.Release|Any CPU.ActiveCfg = Release|x64
		{BE51785F-A430-4B39-8F2A-F15028FC7717}.Release|x64.ActiveCfg = Release|x64
		{BE51785F-A430-4B39-8F2A-F15028FC7717}.Release|x64.Build.0 = Release|x64
		{BE51785F-A430-4B39-8F2A-F15028FC7717}.Release|x64.Deploy.0 = Release|x64
		{2572C110-7D00-41A1-AB46-1A6D8E8DB51B}.Debug|Any CPU.ActiveCfg = Debug|Any CPU
		{2572C110-7D00-41A1-AB46-1A6D8E8DB51B}.Debug|Any CPU.Build.0 = Debug|Any CPU
		{2572C110-7D00-41A1-AB46-1A6D8E8DB51B}.Debug|x64.ActiveCfg = Debug|Any CPU
		{2572C110-7D00-41A1-AB46-1A6D8E8DB51B}.Debug|x64.Build.0 = Debug|Any CPU
		{2572C110-7D00-41A1-AB46-1A6D8E8DB51B}.Release|Any CPU.ActiveCfg = Release|Any CPU
		{2572C110-7D00-41A1-AB46-1A6D8E8DB51B}.Release|Any CPU.Build.0 = Release|Any CPU
		{2572C110-7D00-41A1-AB46-1A6D8E8DB51B}.Release|x64.ActiveCfg = Release|Any CPU
		{2572C110-7D00-41A1-AB46-1A6D8E8DB51B}.Release|x64.Build.0 = Release|Any CPU
	EndGlobalSection
	GlobalSection(SolutionProperties) = preSolution
		HideSolutionNode = FALSE
	EndGlobalSection
	GlobalSection(ExtensibilityGlobals) = postSolution
		SolutionGuid = {B96BC4FA-3C67-4745-A9F6-481DB724EF9E}
	EndGlobalSection
EndGlobal
